
Microsoft Visual Studio Solution File, Format Version 12.00
# Visual Studio 15
VisualStudioVersion = 15.0.27703.2026
MinimumVisualStudioVersion = 10.0.40219.1
Project("{FAE04EC0-301F-11D3-BF4B-00C04F79EFBC}") = "SalesModule", "SalesModule\SalesModule.csproj", "{878BED54-9BDF-4777-9679-32B4A904728E}"
EndProject
Project("{FAE04EC0-301F-11D3-BF4B-00C04F79EFBC}") = "SalesTester", "SalesTester\SalesTester.csproj", "{6F4ADAA3-671C-4E84-B2F0-7FCC86220C98}"
EndProject
Project("{FAE04EC0-301F-11D3-BF4B-00C04F79EFBC}") = "SalesModuleTester", "SalesModuleTester\SalesModuleTester.csproj", "{3A25804F-2655-4AFB-8EBE-09522595DE8A}"
EndProject
Global
	GlobalSection(SolutionConfigurationPlatforms) = preSolution
		Debug|Any CPU = Debug|Any CPU
		Release|Any CPU = Release|Any CPU
	EndGlobalSection
	GlobalSection(ProjectConfigurationPlatforms) = postSolution
		{878BED54-9BDF-4777-9679-32B4A904728E}.Debug|Any CPU.ActiveCfg = Debug|Any CPU
		{878BED54-9BDF-4777-9679-32B4A904728E}.Debug|Any CPU.Build.0 = Debug|Any CPU
		{878BED54-9BDF-4777-9679-32B4A904728E}.Release|Any CPU.ActiveCfg = Release|Any CPU
		{878BED54-9BDF-4777-9679-32B4A904728E}.Release|Any CPU.Build.0 = Release|Any CPU
		{6F4ADAA3-671C-4E84-B2F0-7FCC86220C98}.Debug|Any CPU.ActiveCfg = Debug|Any CPU
		{6F4ADAA3-671C-4E84-B2F0-7FCC86220C98}.Debug|Any CPU.Build.0 = Debug|Any CPU
		{6F4ADAA3-671C-4E84-B2F0-7FCC86220C98}.Release|Any CPU.ActiveCfg = Release|Any CPU
		{6F4ADAA3-671C-4E84-B2F0-7FCC86220C98}.Release|Any CPU.Build.0 = Release|Any CPU
		{3A25804F-2655-4AFB-8EBE-09522595DE8A}.Debug|Any CPU.ActiveCfg = Debug|Any CPU
		{3A25804F-2655-4AFB-8EBE-09522595DE8A}.Debug|Any CPU.Build.0 = Debug|Any CPU
		{3A25804F-2655-4AFB-8EBE-09522595DE8A}.Release|Any CPU.ActiveCfg = Release|Any CPU
		{3A25804F-2655-4AFB-8EBE-09522595DE8A}.Release|Any CPU.Build.0 = Release|Any CPU
	EndGlobalSection
	GlobalSection(SolutionProperties) = preSolution
		HideSolutionNode = FALSE
	EndGlobalSection
	GlobalSection(ExtensibilityGlobals) = postSolution
		SolutionGuid = {64FB5AC9-2AA4-45E7-A200-09BAFA49C16F}
	EndGlobalSection
EndGlobal
